dependencies:
- name: postgresql
  repository: https://charts.bitnami.com/bitnami
  version: 15.5.35
- name: redis
  repository: https://charts.bitnami.com/bitnami
  version: 20.1.5
digest: sha256:cf0a0f62b091a23f0b4855b6fbe8824551072c39403b1a04d94382843fccadeb
generated: "2026-08-25T14:05:00.949328+02:00"
