dependencies:
- name: postgresql
  repository: https://kubernetes-charts.storage.googleapis.com/
  version: 0.8.7
- name: rabbitmq-ha
  repository: https://kubernetes-charts.storage.googleapis.com/
  version: 1.38.2
- name: redis
  repository: https://kubernetes-charts.storage.googleapis.com/
  version: 10.3.2
- name: docker-registry
  repository: https://kubernetes-charts.storage.googleapis.com/
  version: 1.9.1
digest: sha256:9a880d2d96b8b0c969536cc84349b743d80ca772852945186aa9cd151174a4cf
generated: "2020-01-12T22:46:44.925426+01:00"
